# This file is automatically @generated by Cargo.
# It is not intended for manual editing.
version = 4

[[package]]
name = "chunk_trace"
version = "0.1.0"
dependencies = [
 "qexed_plugin_sdk",
]

[[package]]
name = "hello_world"
version = "0.1.0"
dependencies = [
 "qexed_plugin_sdk",
]

[[package]]
name = "player_audit"
version = "0.1.0"
dependencies = [
 "qexed_plugin_sdk",
]

[[package]]
name = "qexed_plugin_sdk"
version = "0.1.0"
